
Microsoft Visual Studio Solution File, Format Version 12.00
# Visual Studio Version 18
VisualStudioVersion = 18.3.11527.330
MinimumVisualStudioVersion = 10.0.40219.1
Project("{FAE04EC0-301F-11D3-BF4B-00C04F79EFBC}") = "XnaFiddle.BlazorGL", "XnaFiddle.BlazorGL\XnaFiddle.BlazorGL.csproj", "{A1B2C3D4-E5F6-7890-ABCD-EF1234567890}"
EndProject
Project("{FAE04EC0-301F-11D3-BF4B-00C04F79EFBC}") = "XnaFiddle.Encoder", "XnaFiddle.Encoder\XnaFiddle.Encoder.csproj", "{F5F005A1-4798-7556-9A7D-AFAFC9899E1C}"
EndProject
Project("{FAE04EC0-301F-11D3-BF4B-00C04F79EFBC}") = "XnaFiddle.Core", "XnaFiddle.Core\XnaFiddle.Core.csproj", "{436E2A2B-E0E1-445A-B553-AF0AACDD6C9C}"
EndProject
Project("{FAE04EC0-301F-11D3-BF4B-00C04F79EFBC}") = "XnaFiddle.Tests", "XnaFiddle.Tests\XnaFiddle.Tests.csproj", "{AC29D5A8-F40A-4BC0-9566-CDD45C2ED317}"
EndProject
Project("{FAE04EC0-301F-11D3-BF4B-00C04F79EFBC}") = "XnaFiddle.E2E.Tests", "XnaFiddle.E2E.Tests\XnaFiddle.E2E.Tests.csproj", "{46722D94-87CF-46F8-B418-F105B70E3108}"
EndProject
Project("{FAE04EC0-301F-11D3-BF4B-00C04F79EFBC}") = "XnaFiddle.ExportBuild.Tests", "XnaFiddle.ExportBuild.Tests\XnaFiddle.ExportBuild.Tests.csproj", "{7A3E9B60-1D6C-4B7E-9C2A-6E2F8F1D4A0C}"
EndProject
Project("{2150E333-8FDC-42A3-9474-1A3956D46DE8}") = "Submodules", "Submodules", "{B3415621-5EBA-1A55-0B57-0078FEC59DC7}"
EndProject
Project("{2150E333-8FDC-42A3-9474-1A3956D46DE8}") = "KniSB", "KniSB", "{56526BC8-6A50-B4F6-9850-2EEE4F6BE26A}"
EndProject
Project("{FAE04EC0-301F-11D3-BF4B-00C04F79EFBC}") = "Kni.Platform.Blazor.GL", "Submodules\KniSB\Platforms\Kni.Platform.Blazor.GL.csproj", "{3FF4FEAB-AFBD-4142-A9EB-17B422C9399A}"
EndProject
Project("{FAE04EC0-301F-11D3-BF4B-00C04F79EFBC}") = "Wasm.Audio", "Submodules\KniSB\Submodules\WasmSB\Wasm.Audio\Wasm.Audio.csproj", "{6B74854D-4984-4429-9189-847924535DF8}"
EndProject
Project("{FAE04EC0-301F-11D3-BF4B-00C04F79EFBC}") = "Wasm.Dom", "Submodules\KniSB\Submodules\WasmSB\Wasm.Dom\Wasm.Dom.csproj", "{03493730-4F00-4D22-89FD-09AE2B50640E}"
EndProject
Project("{FAE04EC0-301F-11D3-BF4B-00C04F79EFBC}") = "Wasm.JSInterop", "Submodules\KniSB\Submodules\WasmSB\Wasm.JSInterop\Wasm.JSInterop.csproj", "{3CB66038-9E28-4949-A36B-3D91C29543A5}"
EndProject
Project("{FAE04EC0-301F-11D3-BF4B-00C04F79EFBC}") = "Wasm.Canvas", "Submodules\KniSB\Submodules\WasmSB\Wasm.Canvas\Wasm.Canvas.csproj", "{EFA75151-B422-4CD4-B70B-1C830353266F}"
EndProject
Project("{FAE04EC0-301F-11D3-BF4B-00C04F79EFBC}") = "Wasm.Clipboard", "Submodules\KniSB\Submodules\WasmSB\Wasm.Clipboard\Wasm.Clipboard.csproj", "{2DD71FEE-6E07-452A-9CE4-4C2527682926}"
EndProject
Project("{FAE04EC0-301F-11D3-BF4B-00C04F79EFBC}") = "Wasm.XHR", "Submodules\KniSB\Submodules\WasmSB\Wasm.XHR\Wasm.XHR.csproj", "{B8C0151A-AE67-4635-9BA0-E278A486E323}"
EndProject
Project("{FAE04EC0-301F-11D3-BF4B-00C04F79EFBC}") = "Wasm.XR", "Submodules\KniSB\Submodules\WasmSB\Wasm.XR\Wasm.XR.csproj", "{6C08F359-0100-4921-97D2-B9D6CA24B0A0}"
EndProject
Project("{FAE04EC0-301F-11D3-BF4B-00C04F79EFBC}") = "Xna.Framework", "Submodules\KniSB\src\Xna.Framework\Xna.Framework.csproj", "{741B4B1E-89E4-434C-8867-6129838AFD51}"
EndProject
Project("{FAE04EC0-301F-11D3-BF4B-00C04F79EFBC}") = "Xna.Framework.Content", "Submodules\KniSB\src\Xna.Framework.Content\Xna.Framework.Content.csproj", "{1DC4C439-A8A6-4A11-AB3B-A88DCBA05449}"
EndProject
Project("{FAE04EC0-301F-11D3-BF4B-00C04F79EFBC}") = "Xna.Framework.Graphics", "Submodules\KniSB\src\Xna.Framework.Graphics\Xna.Framework.Graphics.csproj", "{4B8D3F73-BBD2-4057-B86B-8B73B957DC0F}"
EndProject
Project("{FAE04EC0-301F-11D3-BF4B-00C04F79EFBC}") = "Xna.Framework.Audio", "Submodules\KniSB\src\Xna.Framework.Audio\Xna.Framework.Audio.csproj", "{3F81F76D-F0F3-44FE-A256-40AF153C33F7}"
EndProject
Project("{FAE04EC0-301F-11D3-BF4B-00C04F79EFBC}") = "Xna.Framework.Media", "Submodules\KniSB\src\Xna.Framework.Media\Xna.Framework.Media.csproj", "{6E0E6284-13FF-4DC7-8FC2-B6D756EAF1FD}"
EndProject
Project("{FAE04EC0-301F-11D3-BF4B-00C04F79EFBC}") = "Xna.Framework.Input", "Submodules\KniSB\src\Xna.Framework.Input\Xna.Framework.Input.csproj", "{8FB8B257-C091-4C41-B221-75C37B68CD8F}"
EndProject
Project("{FAE04EC0-301F-11D3-BF4B-00C04F79EFBC}") = "Xna.Framework.Game", "Submodules\KniSB\src\Xna.Framework.Game\Xna.Framework.Game.csproj", "{90BBD6EF-F386-4F47-88CD-BF386C7D1705}"
EndProject
Project("{FAE04EC0-301F-11D3-BF4B-00C04F79EFBC}") = "Xna.Framework.Devices", "Submodules\KniSB\src\Xna.Framework.Devices\Xna.Framework.Devices.csproj", "{6B3E56F7-C567-463C-9746-0244FD959322}"
EndProject
Project("{FAE04EC0-301F-11D3-BF4B-00C04F79EFBC}") = "Xna.Framework.Storage", "Submodules\KniSB\src\Xna.Framework.Storage\Xna.Framework.Storage.csproj", "{7AE82BAB-5F52-427A-8F6F-DA829261FF9C}"
EndProject
Project("{FAE04EC0-301F-11D3-BF4B-00C04F79EFBC}") = "Xna.Framework.XR", "Submodules\KniSB\src\Xna.Framework.XR\Xna.Framework.XR.csproj", "{6D0D985D-B256-4208-9E78-77897D461698}"
EndProject
Global
	GlobalSection(SolutionConfigurationPlatforms) = preSolution
		Debug|Any CPU = Debug|Any CPU
		Debug|x64 = Debug|x64
		Debug|x86 = Debug|x86
		Release|Any CPU = Release|Any CPU
		Release|x64 = Release|x64
		Release|x86 = Release|x86
	EndGlobalSection
	GlobalSection(ProjectConfigurationPlatforms) = postSolution
		{A1B2C3D4-E5F6-7890-ABCD-EF1234567890}.Debug|Any CPU.ActiveCfg = Debug|Any CPU
		{A1B2C3D4-E5F6-7890-ABCD-EF1234567890}.Debug|Any CPU.Build.0 = Debug|Any CPU
		{A1B2C3D4-E5F6-7890-ABCD-EF1234567890}.Debug|x64.ActiveCfg = Debug|Any CPU
		{A1B2C3D4-E5F6-7890-ABCD-EF1234567890}.Debug|x64.Build.0 = Debug|Any CPU
		{A1B2C3D4-E5F6-7890-ABCD-EF1234567890}.Debug|x86.ActiveCfg = Debug|Any CPU
		{A1B2C3D4-E5F6-7890-ABCD-EF1234567890}.Debug|x86.Build.0 = Debug|Any CPU
		{A1B2C3D4-E5F6-7890-ABCD-EF1234567890}.Release|Any CPU.ActiveCfg = Release|Any CPU
		{A1B2C3D4-E5F6-7890-ABCD-EF1234567890}.Release|Any CPU.Build.0 = Release|Any CPU
		{A1B2C3D4-E5F6-7890-ABCD-EF1234567890}.Release|x64.ActiveCfg = Release|Any CPU
		{A1B2C3D4-E5F6-7890-ABCD-EF1234567890}.Release|x64.Build.0 = Release|Any CPU
		{A1B2C3D4-E5F6-7890-ABCD-EF1234567890}.Release|x86.ActiveCfg = Release|Any CPU
		{A1B2C3D4-E5F6-7890-ABCD-EF1234567890}.Release|x86.Build.0 = Release|Any CPU
		{F5F005A1-4798-7556-9A7D-AFAFC9899E1C}.Debug|Any CPU.ActiveCfg = Debug|Any CPU
		{F5F005A1-4798-7556-9A7D-AFAFC9899E1C}.Debug|Any CPU.Build.0 = Debug|Any CPU
		{F5F005A1-4798-7556-9A7D-AFAFC9899E1C}.Debug|x64.ActiveCfg = Debug|Any CPU
		{F5F005A1-4798-7556-9A7D-AFAFC9899E1C}.Debug|x64.Build.0 = Debug|Any CPU
		{F5F005A1-4798-7556-9A7D-AFAFC9899E1C}.Debug|x86.ActiveCfg = Debug|Any CPU
		{F5F005A1-4798-7556-9A7D-AFAFC9899E1C}.Debug|x86.Build.0 = Debug|Any CPU
		{F5F005A1-4798-7556-9A7D-AFAFC9899E1C}.Release|Any CPU.ActiveCfg = Release|Any CPU
		{F5F005A1-4798-7556-9A7D-AFAFC9899E1C}.Release|Any CPU.Build.0 = Release|Any CPU
		{F5F005A1-4798-7556-9A7D-AFAFC9899E1C}.Release|x64.ActiveCfg = Release|Any CPU
		{F5F005A1-4798-7556-9A7D-AFAFC9899E1C}.Release|x64.Build.0 = Release|Any CPU
		{F5F005A1-4798-7556-9A7D-AFAFC9899E1C}.Release|x86.ActiveCfg = Release|Any CPU
		{F5F005A1-4798-7556-9A7D-AFAFC9899E1C}.Release|x86.Build.0 = Release|Any CPU
		{436E2A2B-E0E1-445A-B553-AF0AACDD6C9C}.Debug|Any CPU.ActiveCfg = Debug|Any CPU
		{436E2A2B-E0E1-445A-B553-AF0AACDD6C9C}.Debug|Any CPU.Build.0 = Debug|Any CPU
		{436E2A2B-E0E1-445A-B553-AF0AACDD6C9C}.Debug|x64.ActiveCfg = Debug|Any CPU
		{436E2A2B-E0E1-445A-B553-AF0AACDD6C9C}.Debug|x64.Build.0 = Debug|Any CPU
		{436E2A2B-E0E1-445A-B553-AF0AACDD6C9C}.Debug|x86.ActiveCfg = Debug|Any CPU
		{436E2A2B-E0E1-445A-B553-AF0AACDD6C9C}.Debug|x86.Build.0 = Debug|Any CPU
		{436E2A2B-E0E1-445A-B553-AF0AACDD6C9C}.Release|Any CPU.ActiveCfg = Release|Any CPU
		{436E2A2B-E0E1-445A-B553-AF0AACDD6C9C}.Release|Any CPU.Build.0 = Release|Any CPU
		{436E2A2B-E0E1-445A-B553-AF0AACDD6C9C}.Release|x64.ActiveCfg = Release|Any CPU
		{436E2A2B-E0E1-445A-B553-AF0AACDD6C9C}.Release|x64.Build.0 = Release|Any CPU
		{436E2A2B-E0E1-445A-B553-AF0AACDD6C9C}.Release|x86.ActiveCfg = Release|Any CPU
		{436E2A2B-E0E1-445A-B553-AF0AACDD6C9C}.Release|x86.Build.0 = Release|Any CPU
		{AC29D5A8-F40A-4BC0-9566-CDD45C2ED317}.Debug|Any CPU.ActiveCfg = Debug|Any CPU
		{AC29D5A8-F40A-4BC0-9566-CDD45C2ED317}.Debug|Any CPU.Build.0 = Debug|Any CPU
		{AC29D5A8-F40A-4BC0-9566-CDD45C2ED317}.Debug|x64.ActiveCfg = Debug|Any CPU
		{AC29D5A8-F40A-4BC0-9566-CDD45C2ED317}.Debug|x64.Build.0 = Debug|Any CPU
		{AC29D5A8-F40A-4BC0-9566-CDD45C2ED317}.Debug|x86.ActiveCfg = Debug|Any CPU
		{AC29D5A8-F40A-4BC0-9566-CDD45C2ED317}.Debug|x86.Build.0 = Debug|Any CPU
		{AC29D5A8-F40A-4BC0-9566-CDD45C2ED317}.Release|Any CPU.ActiveCfg = Release|Any CPU
		{AC29D5A8-F40A-4BC0-9566-CDD45C2ED317}.Release|Any CPU.Build.0 = Release|Any CPU
		{AC29D5A8-F40A-4BC0-9566-CDD45C2ED317}.Release|x64.ActiveCfg = Release|Any CPU
		{AC29D5A8-F40A-4BC0-9566-CDD45C2ED317}.Release|x64.Build.0 = Release|Any CPU
		{AC29D5A8-F40A-4BC0-9566-CDD45C2ED317}.Release|x86.ActiveCfg = Release|Any CPU
		{AC29D5A8-F40A-4BC0-9566-CDD45C2ED317}.Release|x86.Build.0 = Release|Any CPU
		{46722D94-87CF-46F8-B418-F105B70E3108}.Debug|Any CPU.ActiveCfg = Debug|Any CPU
		{46722D94-87CF-46F8-B418-F105B70E3108}.Debug|Any CPU.Build.0 = Debug|Any CPU
		{46722D94-87CF-46F8-B418-F105B70E3108}.Debug|x64.ActiveCfg = Debug|Any CPU
		{46722D94-87CF-46F8-B418-F105B70E3108}.Debug|x64.Build.0 = Debug|Any CPU
		{46722D94-87CF-46F8-B418-F105B70E3108}.Debug|x86.ActiveCfg = Debug|Any CPU
		{46722D94-87CF-46F8-B418-F105B70E3108}.Debug|x86.Build.0 = Debug|Any CPU
		{46722D94-87CF-46F8-B418-F105B70E3108}.Release|Any CPU.ActiveCfg = Release|Any CPU
		{46722D94-87CF-46F8-B418-F105B70E3108}.Release|Any CPU.Build.0 = Release|Any CPU
		{46722D94-87CF-46F8-B418-F105B70E3108}.Release|x64.ActiveCfg = Release|Any CPU
		{46722D94-87CF-46F8-B418-F105B70E3108}.Release|x64.Build.0 = Release|Any CPU
		{46722D94-87CF-46F8-B418-F105B70E3108}.Release|x86.ActiveCfg = Release|Any CPU
		{46722D94-87CF-46F8-B418-F105B70E3108}.Release|x86.Build.0 = Release|Any CPU
		{7A3E9B60-1D6C-4B7E-9C2A-6E2F8F1D4A0C}.Debug|Any CPU.ActiveCfg = Debug|Any CPU
		{7A3E9B60-1D6C-4B7E-9C2A-6E2F8F1D4A0C}.Debug|Any CPU.Build.0 = Debug|Any CPU
		{7A3E9B60-1D6C-4B7E-9C2A-6E2F8F1D4A0C}.Debug|x64.ActiveCfg = Debug|Any CPU
		{7A3E9B60-1D6C-4B7E-9C2A-6E2F8F1D4A0C}.Debug|x64.Build.0 = Debug|Any CPU
		{7A3E9B60-1D6C-4B7E-9C2A-6E2F8F1D4A0C}.Debug|x86.ActiveCfg = Debug|Any CPU
		{7A3E9B60-1D6C-4B7E-9C2A-6E2F8F1D4A0C}.Debug|x86.Build.0 = Debug|Any CPU
		{7A3E9B60-1D6C-4B7E-9C2A-6E2F8F1D4A0C}.Release|Any CPU.ActiveCfg = Release|Any CPU
		{7A3E9B60-1D6C-4B7E-9C2A-6E2F8F1D4A0C}.Release|Any CPU.Build.0 = Release|Any CPU
		{7A3E9B60-1D6C-4B7E-9C2A-6E2F8F1D4A0C}.Release|x64.ActiveCfg = Release|Any CPU
		{7A3E9B60-1D6C-4B7E-9C2A-6E2F8F1D4A0C}.Release|x64.Build.0 = Release|Any CPU
		{7A3E9B60-1D6C-4B7E-9C2A-6E2F8F1D4A0C}.Release|x86.ActiveCfg = Release|Any CPU
		{7A3E9B60-1D6C-4B7E-9C2A-6E2F8F1D4A0C}.Release|x86.Build.0 = Release|Any CPU
		{3FF4FEAB-AFBD-4142-A9EB-17B422C9399A}.Debug|Any CPU.ActiveCfg = Debug|Any CPU
		{3FF4FEAB-AFBD-4142-A9EB-17B422C9399A}.Debug|Any CPU.Build.0 = Debug|Any CPU
		{3FF4FEAB-AFBD-4142-A9EB-17B422C9399A}.Debug|x64.ActiveCfg = Debug|Any CPU
		{3FF4FEAB-AFBD-4142-A9EB-17B422C9399A}.Debug|x64.Build.0 = Debug|Any CPU
		{3FF4FEAB-AFBD-4142-A9EB-17B422C9399A}.Debug|x86.ActiveCfg = Debug|Any CPU
		{3FF4FEAB-AFBD-4142-A9EB-17B422C9399A}.Debug|x86.Build.0 = Debug|Any CPU
		{3FF4FEAB-AFBD-4142-A9EB-17B422C9399A}.Release|Any CPU.ActiveCfg = Release|Any CPU
		{3FF4FEAB-AFBD-4142-A9EB-17B422C9399A}.Release|Any CPU.Build.0 = Release|Any CPU
		{3FF4FEAB-AFBD-4142-A9EB-17B422C9399A}.Release|x64.ActiveCfg = Release|Any CPU
		{3FF4FEAB-AFBD-4142-A9EB-17B422C9399A}.Release|x64.Build.0 = Release|Any CPU
		{3FF4FEAB-AFBD-4142-A9EB-17B422C9399A}.Release|x86.ActiveCfg = Release|Any CPU
		{3FF4FEAB-AFBD-4142-A9EB-17B422C9399A}.Release|x86.Build.0 = Release|Any CPU
		{6B74854D-4984-4429-9189-847924535DF8}.Debug|Any CPU.ActiveCfg = Debug|Any CPU
		{6B74854D-4984-4429-9189-847924535DF8}.Debug|Any CPU.Build.0 = Debug|Any CPU
		{6B74854D-4984-4429-9189-847924535DF8}.Debug|x64.ActiveCfg = Debug|Any CPU
		{6B74854D-4984-4429-9189-847924535DF8}.Debug|x64.Build.0 = Debug|Any CPU
		{6B74854D-4984-4429-9189-847924535DF8}.Debug|x86.ActiveCfg = Debug|Any CPU
		{6B74854D-4984-4429-9189-847924535DF8}.Debug|x86.Build.0 = Debug|Any CPU
		{6B74854D-4984-4429-9189-847924535DF8}.Release|Any CPU.ActiveCfg = Release|Any CPU
		{6B74854D-4984-4429-9189-847924535DF8}.Release|Any CPU.Build.0 = Release|Any CPU
		{6B74854D-4984-4429-9189-847924535DF8}.Release|x64.ActiveCfg = Release|Any CPU
		{6B74854D-4984-4429-9189-847924535DF8}.Release|x64.Build.0 = Release|Any CPU
		{6B74854D-4984-4429-9189-847924535DF8}.Release|x86.ActiveCfg = Release|Any CPU
		{6B74854D-4984-4429-9189-847924535DF8}.Release|x86.Build.0 = Release|Any CPU
		{03493730-4F00-4D22-89FD-09AE2B50640E}.Debug|Any CPU.ActiveCfg = Debug|Any CPU
		{03493730-4F00-4D22-89FD-09AE2B50640E}.Debug|Any CPU.Build.0 = Debug|Any CPU
		{03493730-4F00-4D22-89FD-09AE2B50640E}.Debug|x64.ActiveCfg = Debug|Any CPU
		{03493730-4F00-4D22-89FD-09AE2B50640E}.Debug|x64.Build.0 = Debug|Any CPU
		{03493730-4F00-4D22-89FD-09AE2B50640E}.Debug|x86.ActiveCfg = Debug|Any CPU
		{03493730-4F00-4D22-89FD-09AE2B50640E}.Debug|x86.Build.0 = Debug|Any CPU
		{03493730-4F00-4D22-89FD-09AE2B50640E}.Release|Any CPU.ActiveCfg = Release|Any CPU
		{03493730-4F00-4D22-89FD-09AE2B50640E}.Release|Any CPU.Build.0 = Release|Any CPU
		{03493730-4F00-4D22-89FD-09AE2B50640E}.Release|x64.ActiveCfg = Release|Any CPU
		{03493730-4F00-4D22-89FD-09AE2B50640E}.Release|x64.Build.0 = Release|Any CPU
		{03493730-4F00-4D22-89FD-09AE2B50640E}.Release|x86.ActiveCfg = Release|Any CPU
		{03493730-4F00-4D22-89FD-09AE2B50640E}.Release|x86.Build.0 = Release|Any CPU
		{3CB66038-9E28-4949-A36B-3D91C29543A5}.Debug|Any CPU.ActiveCfg = Debug|Any CPU
		{3CB66038-9E28-4949-A36B-3D91C29543A5}.Debug|Any CPU.Build.0 = Debug|Any CPU
		{3CB66038-9E28-4949-A36B-3D91C29543A5}.Debug|x64.ActiveCfg = Debug|Any CPU
		{3CB66038-9E28-4949-A36B-3D91C29543A5}.Debug|x64.Build.0 = Debug|Any CPU
		{3CB66038-9E28-4949-A36B-3D91C29543A5}.Debug|x86.ActiveCfg = Debug|Any CPU
		{3CB66038-9E28-4949-A36B-3D91C29543A5}.Debug|x86.Build.0 = Debug|Any CPU
		{3CB66038-9E28-4949-A36B-3D91C29543A5}.Release|Any CPU.ActiveCfg = Release|Any CPU
		{3CB66038-9E28-4949-A36B-3D91C29543A5}.Release|Any CPU.Build.0 = Release|Any CPU
		{3CB66038-9E28-4949-A36B-3D91C29543A5}.Release|x64.ActiveCfg = Release|Any CPU
		{3CB66038-9E28-4949-A36B-3D91C29543A5}.Release|x64.Build.0 = Release|Any CPU
		{3CB66038-9E28-4949-A36B-3D91C29543A5}.Release|x86.ActiveCfg = Release|Any CPU
		{3CB66038-9E28-4949-A36B-3D91C29543A5}.Release|x86.Build.0 = Release|Any CPU
		{EFA75151-B422-4CD4-B70B-1C830353266F}.Debug|Any CPU.ActiveCfg = Debug|Any CPU
		{EFA75151-B422-4CD4-B70B-1C830353266F}.Debug|Any CPU.Build.0 = Debug|Any CPU
		{EFA75151-B422-4CD4-B70B-1C830353266F}.Debug|x64.ActiveCfg = Debug|Any CPU
		{EFA75151-B422-4CD4-B70B-1C830353266F}.Debug|x64.Build.0 = Debug|Any CPU
		{EFA75151-B422-4CD4-B70B-1C830353266F}.Debug|x86.ActiveCfg = Debug|Any CPU
		{EFA75151-B422-4CD4-B70B-1C830353266F}.Debug|x86.Build.0 = Debug|Any CPU
		{EFA75151-B422-4CD4-B70B-1C830353266F}.Release|Any CPU.ActiveCfg = Release|Any CPU
		{EFA75151-B422-4CD4-B70B-1C830353266F}.Release|Any CPU.Build.0 = Release|Any CPU
		{EFA75151-B422-4CD4-B70B-1C830353266F}.Release|x64.ActiveCfg = Release|Any CPU
		{EFA75151-B422-4CD4-B70B-1C830353266F}.Release|x64.Build.0 = Release|Any CPU
		{EFA75151-B422-4CD4-B70B-1C830353266F}.Release|x86.ActiveCfg = Release|Any CPU
		{EFA75151-B422-4CD4-B70B-1C830353266F}.Release|x86.Build.0 = Release|Any CPU
		{2DD71FEE-6E07-452A-9CE4-4C2527682926}.Debug|Any CPU.ActiveCfg = Debug|Any CPU
		{2DD71FEE-6E07-452A-9CE4-4C2527682926}.Debug|Any CPU.Build.0 = Debug|Any CPU
		{2DD71FEE-6E07-452A-9CE4-4C2527682926}.Debug|x64.ActiveCfg = Debug|Any CPU
		{2DD71FEE-6E07-452A-9CE4-4C2527682926}.Debug|x64.Build.0 = Debug|Any CPU
		{2DD71FEE-6E07-452A-9CE4-4C2527682926}.Debug|x86.ActiveCfg = Debug|Any CPU
		{2DD71FEE-6E07-452A-9CE4-4C2527682926}.Debug|x86.Build.0 = Debug|Any CPU
		{2DD71FEE-6E07-452A-9CE4-4C2527682926}.Release|Any CPU.ActiveCfg = Release|Any CPU
		{2DD71FEE-6E07-452A-9CE4-4C2527682926}.Release|Any CPU.Build.0 = Release|Any CPU
		{2DD71FEE-6E07-452A-9CE4-4C2527682926}.Release|x64.ActiveCfg = Release|Any CPU
		{2DD71FEE-6E07-452A-9CE4-4C2527682926}.Release|x64.Build.0 = Release|Any CPU
		{2DD71FEE-6E07-452A-9CE4-4C2527682926}.Release|x86.ActiveCfg = Release|Any CPU
		{2DD71FEE-6E07-452A-9CE4-4C2527682926}.Release|x86.Build.0 = Release|Any CPU
		{B8C0151A-AE67-4635-9BA0-E278A486E323}.Debug|Any CPU.ActiveCfg = Debug|Any CPU
		{B8C0151A-AE67-4635-9BA0-E278A486E323}.Debug|Any CPU.Build.0 = Debug|Any CPU
		{B8C0151A-AE67-4635-9BA0-E278A486E323}.Debug|x64.ActiveCfg = Debug|Any CPU
		{B8C0151A-AE67-4635-9BA0-E278A486E323}.Debug|x64.Build.0 = Debug|Any CPU
		{B8C0151A-AE67-4635-9BA0-E278A486E323}.Debug|x86.ActiveCfg = Debug|Any CPU
		{B8C0151A-AE67-4635-9BA0-E278A486E323}.Debug|x86.Build.0 = Debug|Any CPU
		{B8C0151A-AE67-4635-9BA0-E278A486E323}.Release|Any CPU.ActiveCfg = Release|Any CPU
		{B8C0151A-AE67-4635-9BA0-E278A486E323}.Release|Any CPU.Build.0 = Release|Any CPU
		{B8C0151A-AE67-4635-9BA0-E278A486E323}.Release|x64.ActiveCfg = Release|Any CPU
		{B8C0151A-AE67-4635-9BA0-E278A486E323}.Release|x64.Build.0 = Release|Any CPU
		{B8C0151A-AE67-4635-9BA0-E278A486E323}.Release|x86.ActiveCfg = Release|Any CPU
		{B8C0151A-AE67-4635-9BA0-E278A486E323}.Release|x86.Build.0 = Release|Any CPU
		{6C08F359-0100-4921-97D2-B9D6CA24B0A0}.Debug|Any CPU.ActiveCfg = Debug|Any CPU
		{6C08F359-0100-4921-97D2-B9D6CA24B0A0}.Debug|Any CPU.Build.0 = Debug|Any CPU
		{6C08F359-0100-4921-97D2-B9D6CA24B0A0}.Debug|x64.ActiveCfg = Debug|Any CPU
		{6C08F359-0100-4921-97D2-B9D6CA24B0A0}.Debug|x64.Build.0 = Debug|Any CPU
		{6C08F359-0100-4921-97D2-B9D6CA24B0A0}.Debug|x86.ActiveCfg = Debug|Any CPU
		{6C08F359-0100-4921-97D2-B9D6CA24B0A0}.Debug|x86.Build.0 = Debug|Any CPU
		{6C08F359-0100-4921-97D2-B9D6CA24B0A0}.Release|Any CPU.ActiveCfg = Release|Any CPU
		{6C08F359-0100-4921-97D2-B9D6CA24B0A0}.Release|Any CPU.Build.0 = Release|Any CPU
		{6C08F359-0100-4921-97D2-B9D6CA24B0A0}.Release|x64.ActiveCfg = Release|Any CPU
		{6C08F359-0100-4921-97D2-B9D6CA24B0A0}.Release|x64.Build.0 = Release|Any CPU
		{6C08F359-0100-4921-97D2-B9D6CA24B0A0}.Release|x86.ActiveCfg = Release|Any CPU
		{6C08F359-0100-4921-97D2-B9D6CA24B0A0}.Release|x86.Build.0 = Release|Any CPU
		{741B4B1E-89E4-434C-8867-6129838AFD51}.Debug|Any CPU.ActiveCfg = Debug|Any CPU
		{741B4B1E-89E4-434C-8867-6129838AFD51}.Debug|Any CPU.Build.0 = Debug|Any CPU
		{741B4B1E-89E4-434C-8867-6129838AFD51}.Debug|x64.ActiveCfg = Debug|Any CPU
		{741B4B1E-89E4-434C-8867-6129838AFD51}.Debug|x64.Build.0 = Debug|Any CPU
		{741B4B1E-89E4-434C-8867-6129838AFD51}.Debug|x86.ActiveCfg = Debug|Any CPU
		{741B4B1E-89E4-434C-8867-6129838AFD51}.Debug|x86.Build.0 = Debug|Any CPU
		{741B4B1E-89E4-434C-8867-6129838AFD51}.Release|Any CPU.ActiveCfg = Release|Any CPU
		{741B4B1E-89E4-434C-8867-6129838AFD51}.Release|Any CPU.Build.0 = Release|Any CPU
		{741B4B1E-89E4-434C-8867-6129838AFD51}.Release|x64.ActiveCfg = Release|Any CPU
		{741B4B1E-89E4-434C-8867-6129838AFD51}.Release|x64.Build.0 = Release|Any CPU
		{741B4B1E-89E4-434C-8867-6129838AFD51}.Release|x86.ActiveCfg = Release|Any CPU
		{741B4B1E-89E4-434C-8867-6129838AFD51}.Release|x86.Build.0 = Release|Any CPU
		{1DC4C439-A8A6-4A11-AB3B-A88DCBA05449}.Debug|Any CPU.ActiveCfg = Debug|Any CPU
		{1DC4C439-A8A6-4A11-AB3B-A88DCBA05449}.Debug|Any CPU.Build.0 = Debug|Any CPU
		{1DC4C439-A8A6-4A11-AB3B-A88DCBA05449}.Debug|x64.ActiveCfg = Debug|Any CPU
		{1DC4C439-A8A6-4A11-AB3B-A88DCBA05449}.Debug|x64.Build.0 = Debug|Any CPU
		{1DC4C439-A8A6-4A11-AB3B-A88DCBA05449}.Debug|x86.ActiveCfg = Debug|Any CPU
		{1DC4C439-A8A6-4A11-AB3B-A88DCBA05449}.Debug|x86.Build.0 = Debug|Any CPU
		{1DC4C439-A8A6-4A11-AB3B-A88DCBA05449}.Release|Any CPU.ActiveCfg = Release|Any CPU
		{1DC4C439-A8A6-4A11-AB3B-A88DCBA05449}.Release|Any CPU.Build.0 = Release|Any CPU
		{1DC4C439-A8A6-4A11-AB3B-A88DCBA05449}.Release|x64.ActiveCfg = Release|Any CPU
		{1DC4C439-A8A6-4A11-AB3B-A88DCBA05449}.Release|x64.Build.0 = Release|Any CPU
		{1DC4C439-A8A6-4A11-AB3B-A88DCBA05449}.Release|x86.ActiveCfg = Release|Any CPU
		{1DC4C439-A8A6-4A11-AB3B-A88DCBA05449}.Release|x86.Build.0 = Release|Any CPU
		{4B8D3F73-BBD2-4057-B86B-8B73B957DC0F}.Debug|Any CPU.ActiveCfg = Debug|Any CPU
		{4B8D3F73-BBD2-4057-B86B-8B73B957DC0F}.Debug|Any CPU.Build.0 = Debug|Any CPU
		{4B8D3F73-BBD2-4057-B86B-8B73B957DC0F}.Debug|x64.ActiveCfg = Debug|Any CPU
		{4B8D3F73-BBD2-4057-B86B-8B73B957DC0F}.Debug|x64.Build.0 = Debug|Any CPU
		{4B8D3F73-BBD2-4057-B86B-8B73B957DC0F}.Debug|x86.ActiveCfg = Debug|Any CPU
		{4B8D3F73-BBD2-4057-B86B-8B73B957DC0F}.Debug|x86.Build.0 = Debug|Any CPU
		{4B8D3F73-BBD2-4057-B86B-8B73B957DC0F}.Release|Any CPU.ActiveCfg = Release|Any CPU
		{4B8D3F73-BBD2-4057-B86B-8B73B957DC0F}.Release|Any CPU.Build.0 = Release|Any CPU
		{4B8D3F73-BBD2-4057-B86B-8B73B957DC0F}.Release|x64.ActiveCfg = Release|Any CPU
		{4B8D3F73-BBD2-4057-B86B-8B73B957DC0F}.Release|x64.Build.0 = Release|Any CPU
		{4B8D3F73-BBD2-4057-B86B-8B73B957DC0F}.Release|x86.ActiveCfg = Release|Any CPU
		{4B8D3F73-BBD2-4057-B86B-8B73B957DC0F}.Release|x86.Build.0 = Release|Any CPU
		{3F81F76D-F0F3-44FE-A256-40AF153C33F7}.Debug|Any CPU.ActiveCfg = Debug|Any CPU
		{3F81F76D-F0F3-44FE-A256-40AF153C33F7}.Debug|Any CPU.Build.0 = Debug|Any CPU
		{3F81F76D-F0F3-44FE-A256-40AF153C33F7}.Debug|x64.ActiveCfg = Debug|Any CPU
		{3F81F76D-F0F3-44FE-A256-40AF153C33F7}.Debug|x64.Build.0 = Debug|Any CPU
		{3F81F76D-F0F3-44FE-A256-40AF153C33F7}.Debug|x86.ActiveCfg = Debug|Any CPU
		{3F81F76D-F0F3-44FE-A256-40AF153C33F7}.Debug|x86.Build.0 = Debug|Any CPU
		{3F81F76D-F0F3-44FE-A256-40AF153C33F7}.Release|Any CPU.ActiveCfg = Release|Any CPU
		{3F81F76D-F0F3-44FE-A256-40AF153C33F7}.Release|Any CPU.Build.0 = Release|Any CPU
		{3F81F76D-F0F3-44FE-A256-40AF153C33F7}.Release|x64.ActiveCfg = Release|Any CPU
		{3F81F76D-F0F3-44FE-A256-40AF153C33F7}.Release|x64.Build.0 = Release|Any CPU
		{3F81F76D-F0F3-44FE-A256-40AF153C33F7}.Release|x86.ActiveCfg = Release|Any CPU
		{3F81F76D-F0F3-44FE-A256-40AF153C33F7}.Release|x86.Build.0 = Release|Any CPU
		{6E0E6284-13FF-4DC7-8FC2-B6D756EAF1FD}.Debug|Any CPU.ActiveCfg = Debug|Any CPU
		{6E0E6284-13FF-4DC7-8FC2-B6D756EAF1FD}.Debug|Any CPU.Build.0 = Debug|Any CPU
		{6E0E6284-13FF-4DC7-8FC2-B6D756EAF1FD}.Debug|x64.ActiveCfg = Debug|Any CPU
		{6E0E6284-13FF-4DC7-8FC2-B6D756EAF1FD}.Debug|x64.Build.0 = Debug|Any CPU
		{6E0E6284-13FF-4DC7-8FC2-B6D756EAF1FD}.Debug|x86.ActiveCfg = Debug|Any CPU
		{6E0E6284-13FF-4DC7-8FC2-B6D756EAF1FD}.Debug|x86.Build.0 = Debug|Any CPU
		{6E0E6284-13FF-4DC7-8FC2-B6D756EAF1FD}.Release|Any CPU.ActiveCfg = Release|Any CPU
		{6E0E6284-13FF-4DC7-8FC2-B6D756EAF1FD}.Release|Any CPU.Build.0 = Release|Any CPU
		{6E0E6284-13FF-4DC7-8FC2-B6D756EAF1FD}.Release|x64.ActiveCfg = Release|Any CPU
		{6E0E6284-13FF-4DC7-8FC2-B6D756EAF1FD}.Release|x64.Build.0 = Release|Any CPU
		{6E0E6284-13FF-4DC7-8FC2-B6D756EAF1FD}.Release|x86.ActiveCfg = Release|Any CPU
		{6E0E6284-13FF-4DC7-8FC2-B6D756EAF1FD}.Release|x86.Build.0 = Release|Any CPU
		{8FB8B257-C091-4C41-B221-75C37B68CD8F}.Debug|Any CPU.ActiveCfg = Debug|Any CPU
		{8FB8B257-C091-4C41-B221-75C37B68CD8F}.Debug|Any CPU.Build.0 = Debug|Any CPU
		{8FB8B257-C091-4C41-B221-75C37B68CD8F}.Debug|x64.ActiveCfg = Debug|Any CPU
		{8FB8B257-C091-4C41-B221-75C37B68CD8F}.Debug|x64.Build.0 = Debug|Any CPU
		{8FB8B257-C091-4C41-B221-75C37B68CD8F}.Debug|x86.ActiveCfg = Debug|Any CPU
		{8FB8B257-C091-4C41-B221-75C37B68CD8F}.Debug|x86.Build.0 = Debug|Any CPU
		{8FB8B257-C091-4C41-B221-75C37B68CD8F}.Release|Any CPU.ActiveCfg = Release|Any CPU
		{8FB8B257-C091-4C41-B221-75C37B68CD8F}.Release|Any CPU.Build.0 = Release|Any CPU
		{8FB8B257-C091-4C41-B221-75C37B68CD8F}.Release|x64.ActiveCfg = Release|Any CPU
		{8FB8B257-C091-4C41-B221-75C37B68CD8F}.Release|x64.Build.0 = Release|Any CPU
		{8FB8B257-C091-4C41-B221-75C37B68CD8F}.Release|x86.ActiveCfg = Release|Any CPU
		{8FB8B257-C091-4C41-B221-75C37B68CD8F}.Release|x86.Build.0 = Release|Any CPU
		{90BBD6EF-F386-4F47-88CD-BF386C7D1705}.Debug|Any CPU.ActiveCfg = Debug|Any CPU
		{90BBD6EF-F386-4F47-88CD-BF386C7D1705}.Debug|Any CPU.Build.0 = Debug|Any CPU
		{90BBD6EF-F386-4F47-88CD-BF386C7D1705}.Debug|x64.ActiveCfg = Debug|Any CPU
		{90BBD6EF-F386-4F47-88CD-BF386C7D1705}.Debug|x64.Build.0 = Debug|Any CPU
		{90BBD6EF-F386-4F47-88CD-BF386C7D1705}.Debug|x86.ActiveCfg = Debug|Any CPU
		{90BBD6EF-F386-4F47-88CD-BF386C7D1705}.Debug|x86.Build.0 = Debug|Any CPU
		{90BBD6EF-F386-4F47-88CD-BF386C7D1705}.Release|Any CPU.ActiveCfg = Release|Any CPU
		{90BBD6EF-F386-4F47-88CD-BF386C7D1705}.Release|Any CPU.Build.0 = Release|Any CPU
		{90BBD6EF-F386-4F47-88CD-BF386C7D1705}.Release|x64.ActiveCfg = Release|Any CPU
		{90BBD6EF-F386-4F47-88CD-BF386C7D1705}.Release|x64.Build.0 = Release|Any CPU
		{90BBD6EF-F386-4F47-88CD-BF386C7D1705}.Release|x86.ActiveCfg = Release|Any CPU
		{90BBD6EF-F386-4F47-88CD-BF386C7D1705}.Release|x86.Build.0 = Release|Any CPU
		{6B3E56F7-C567-463C-9746-0244FD959322}.Debug|Any CPU.ActiveCfg = Debug|Any CPU
		{6B3E56F7-C567-463C-9746-0244FD959322}.Debug|Any CPU.Build.0 = Debug|Any CPU
		{6B3E56F7-C567-463C-9746-0244FD959322}.Debug|x64.ActiveCfg = Debug|Any CPU
		{6B3E56F7-C567-463C-9746-0244FD959322}.Debug|x64.Build.0 = Debug|Any CPU
		{6B3E56F7-C567-463C-9746-0244FD959322}.Debug|x86.ActiveCfg = Debug|Any CPU
		{6B3E56F7-C567-463C-9746-0244FD959322}.Debug|x86.Build.0 = Debug|Any CPU
		{6B3E56F7-C567-463C-9746-0244FD959322}.Release|Any CPU.ActiveCfg = Release|Any CPU
		{6B3E56F7-C567-463C-9746-0244FD959322}.Release|Any CPU.Build.0 = Release|Any CPU
		{6B3E56F7-C567-463C-9746-0244FD959322}.Release|x64.ActiveCfg = Release|Any CPU
		{6B3E56F7-C567-463C-9746-0244FD959322}.Release|x64.Build.0 = Release|Any CPU
		{6B3E56F7-C567-463C-9746-0244FD959322}.Release|x86.ActiveCfg = Release|Any CPU
		{6B3E56F7-C567-463C-9746-0244FD959322}.Release|x86.Build.0 = Release|Any CPU
		{7AE82BAB-5F52-427A-8F6F-DA829261FF9C}.Debug|Any CPU.ActiveCfg = Debug|Any CPU
		{7AE82BAB-5F52-427A-8F6F-DA829261FF9C}.Debug|Any CPU.Build.0 = Debug|Any CPU
		{7AE82BAB-5F52-427A-8F6F-DA829261FF9C}.Debug|x64.ActiveCfg = Debug|Any CPU
		{7AE82BAB-5F52-427A-8F6F-DA829261FF9C}.Debug|x64.Build.0 = Debug|Any CPU
		{7AE82BAB-5F52-427A-8F6F-DA829261FF9C}.Debug|x86.ActiveCfg = Debug|Any CPU
		{7AE82BAB-5F52-427A-8F6F-DA829261FF9C}.Debug|x86.Build.0 = Debug|Any CPU
		{7AE82BAB-5F52-427A-8F6F-DA829261FF9C}.Release|Any CPU.ActiveCfg = Release|Any CPU
		{7AE82BAB-5F52-427A-8F6F-DA829261FF9C}.Release|Any CPU.Build.0 = Release|Any CPU
		{7AE82BAB-5F52-427A-8F6F-DA829261FF9C}.Release|x64.ActiveCfg = Release|Any CPU
		{7AE82BAB-5F52-427A-8F6F-DA829261FF9C}.Release|x64.Build.0 = Release|Any CPU
		{7AE82BAB-5F52-427A-8F6F-DA829261FF9C}.Release|x86.ActiveCfg = Release|Any CPU
		{7AE82BAB-5F52-427A-8F6F-DA829261FF9C}.Release|x86.Build.0 = Release|Any CPU
		{6D0D985D-B256-4208-9E78-77897D461698}.Debug|Any CPU.ActiveCfg = Debug|Any CPU
		{6D0D985D-B256-4208-9E78-77897D461698}.Debug|Any CPU.Build.0 = Debug|Any CPU
		{6D0D985D-B256-4208-9E78-77897D461698}.Debug|x64.ActiveCfg = Debug|Any CPU
		{6D0D985D-B256-4208-9E78-77897D461698}.Debug|x64.Build.0 = Debug|Any CPU
		{6D0D985D-B256-4208-9E78-77897D461698}.Debug|x86.ActiveCfg = Debug|Any CPU
		{6D0D985D-B256-4208-9E78-77897D461698}.Debug|x86.Build.0 = Debug|Any CPU
		{6D0D985D-B256-4208-9E78-77897D461698}.Release|Any CPU.ActiveCfg = Release|Any CPU
		{6D0D985D-B256-4208-9E78-77897D461698}.Release|Any CPU.Build.0 = Release|Any CPU
		{6D0D985D-B256-4208-9E78-77897D461698}.Release|x64.ActiveCfg = Release|Any CPU
		{6D0D985D-B256-4208-9E78-77897D461698}.Release|x64.Build.0 = Release|Any CPU
		{6D0D985D-B256-4208-9E78-77897D461698}.Release|x86.ActiveCfg = Release|Any CPU
		{6D0D985D-B256-4208-9E78-77897D461698}.Release|x86.Build.0 = Release|Any CPU
	EndGlobalSection
	GlobalSection(SolutionProperties) = preSolution
		HideSolutionNode = FALSE
	EndGlobalSection
	GlobalSection(NestedProjects) = preSolution
		{56526BC8-6A50-B4F6-9850-2EEE4F6BE26A} = {B3415621-5EBA-1A55-0B57-0078FEC59DC7}
		{3FF4FEAB-AFBD-4142-A9EB-17B422C9399A} = {56526BC8-6A50-B4F6-9850-2EEE4F6BE26A}
		{6B74854D-4984-4429-9189-847924535DF8} = {56526BC8-6A50-B4F6-9850-2EEE4F6BE26A}
		{03493730-4F00-4D22-89FD-09AE2B50640E} = {56526BC8-6A50-B4F6-9850-2EEE4F6BE26A}
		{3CB66038-9E28-4949-A36B-3D91C29543A5} = {56526BC8-6A50-B4F6-9850-2EEE4F6BE26A}
		{EFA75151-B422-4CD4-B70B-1C830353266F} = {56526BC8-6A50-B4F6-9850-2EEE4F6BE26A}
		{2DD71FEE-6E07-452A-9CE4-4C2527682926} = {56526BC8-6A50-B4F6-9850-2EEE4F6BE26A}
		{B8C0151A-AE67-4635-9BA0-E278A486E323} = {56526BC8-6A50-B4F6-9850-2EEE4F6BE26A}
		{6C08F359-0100-4921-97D2-B9D6CA24B0A0} = {56526BC8-6A50-B4F6-9850-2EEE4F6BE26A}
		{741B4B1E-89E4-434C-8867-6129838AFD51} = {56526BC8-6A50-B4F6-9850-2EEE4F6BE26A}
		{1DC4C439-A8A6-4A11-AB3B-A88DCBA05449} = {56526BC8-6A50-B4F6-9850-2EEE4F6BE26A}
		{4B8D3F73-BBD2-4057-B86B-8B73B957DC0F} = {56526BC8-6A50-B4F6-9850-2EEE4F6BE26A}
		{3F81F76D-F0F3-44FE-A256-40AF153C33F7} = {56526BC8-6A50-B4F6-9850-2EEE4F6BE26A}
		{6E0E6284-13FF-4DC7-8FC2-B6D756EAF1FD} = {56526BC8-6A50-B4F6-9850-2EEE4F6BE26A}
		{8FB8B257-C091-4C41-B221-75C37B68CD8F} = {56526BC8-6A50-B4F6-9850-2EEE4F6BE26A}
		{90BBD6EF-F386-4F47-88CD-BF386C7D1705} = {56526BC8-6A50-B4F6-9850-2EEE4F6BE26A}
		{6B3E56F7-C567-463C-9746-0244FD959322} = {56526BC8-6A50-B4F6-9850-2EEE4F6BE26A}
		{7AE82BAB-5F52-427A-8F6F-DA829261FF9C} = {56526BC8-6A50-B4F6-9850-2EEE4F6BE26A}
		{6D0D985D-B256-4208-9E78-77897D461698} = {56526BC8-6A50-B4F6-9850-2EEE4F6BE26A}
	EndGlobalSection
	GlobalSection(ExtensibilityGlobals) = postSolution
		SolutionGuid = {284781C6-F21F-4DDA-91A5-29A424779A99}
	EndGlobalSection
EndGlobal
